// !$*UTF8*$!
{
	archiveVersion = 1;
	classes = {
	};
	objectVersion = 46;
	objects = {

/* Begin PBXBuildFile section */
		0C0AC0E31D8FFB6F0051BB9A /* AppDelegate.swift in Sources */ = {isa = PBXBuildFile; fileRef = 0C0AC0E21D8FFB6F0051BB9A /* AppDelegate.swift */; };
		0C0AC0E51D8FFB6F0051BB9A /* ViewController.swift in Sources */ = {isa = PBXBuildFile; fileRef = 0C0AC0E41D8FFB6F0051BB9A /* ViewController.swift */; };
		0C0AC0E81D8FFB6F0051BB9A /* Main.storyboard in Resources */ = {isa = PBXBuildFile; fileRef = 0C0AC0E61D8FFB6F0051BB9A /* Main.storyboard */; };
		0C0AC0EA1D8FFB6F0051BB9A /* Assets.xcassets in Resources */ = {isa = PBXBuildFile; fileRef = 0C0AC0E91D8FFB6F0051BB9A /* Assets.xcassets */; };
		0C0AC0ED1D8FFB6F0051BB9A /* LaunchScreen.storyboard in Resources */ = {isa = PBXBuildFile; fileRef = 0C0AC0EB1D8FFB6F0051BB9A /* LaunchScreen.storyboard */; };
		0C0AC0F81D8FFB6F0051BB9A /* ImagePickerExperimentTests.swift in Sources */ = {isa = PBXBuildFile; fileRef = 0C0AC0F71D8FFB6F0051BB9A /* ImagePickerExperimentTests.swift */; };
		0C0AC1031D8FFB6F0051BB9A /* ImagePickerExperimentUITests.swift in Sources */ = {isa = PBXBuildFile; fileRef = 0C0AC1021D8FFB6F0051BB9A /* ImagePickerExperimentUITests.swift */; };
/* End PBXBuildFile section */

/* Begin PBXContainerItemProxy section */
		0C0AC0F41D8FFB6F0051BB9A /* PBXContainerItemProxy */ = {
			isa = PBXContainerItemProxy;
			containerPortal = 0C0AC0D71D8FFB6E0051BB9A /* Project object */;
			proxyType = 1;
			remoteGlobalIDString = 0C0AC0DE1D8FFB6E0051BB9A;
			remoteInfo = ImagePickerExperiment;
		};
		0C0AC0FF1D8FFB6F0051BB9A /* PBXContainerItemProxy */ = {
			isa = PBXContainerItemProxy;
			containerPortal = 0C0AC0D71D8FFB6E0051BB9A /* Project object */;
			proxyType = 1;
			remoteGlobalIDString = 0C0AC0DE1D8FFB6E0051BB9A;
			remoteInfo = ImagePickerExperiment;
		};
/* End PBXContainerItemProxy section */

/* Begin PBXFileReference section */
		0C0AC0DF1D8FFB6F0051BB9A /* ImagePickerExperiment.app */ = {isa = PBXFileReference; explicitFileType = wrapper.application; includeInIndex = 0; path = ImagePickerExperiment.app; sourceTree = BUILT_PRODUCTS_DIR; };
		0C0AC0E21D8FFB6F0051BB9A /* AppDelegate.swift */ = {isa = PBXFileReference; lastKnownFileType = sourcecode.swift; path = AppDelegate.swift; sourceTree = "<group>"; };
		0C0AC0E41D8FFB6F0051BB9A /* ViewController.swift */ = {isa = PBXFileReference; lastKnownFileType = sourcecode.swift; path = ViewController.swift; sourceTree = "<group>"; };
		0C0AC0E71D8FFB6F0051BB9A /* Base */ = {isa = PBXFileReference; lastKnownFileType = file.storyboard; name = Base; path = Base.lproj/Main.storyboard; sourceTree = "<group>"; };
		0C0AC0E91D8FFB6F0051BB9A /* Assets.xcassets */ = {isa = PBXFileReference; lastKnownFileType = folder.assetcatalog; path = Assets.xcassets; sourceTree = "<group>"; };
		0C0AC0EC1D8FFB6F0051BB9A /* Base */ = {isa = PBXFileReference; lastKnownFileType = file.storyboard; name = Base; path = Base.lproj/LaunchScreen.storyboard; sourceTree = "<group>"; };
		0C0AC0EE1D8FFB6F0051BB9A /* Info.plist */ = {isa = PBXFileReference; lastKnownFileType = text.plist.xml; path = Info.plist; sourceTree = "<group>"; };
		0C0AC0F31D8FFB6F0051BB9A /* ImagePickerExperimentTests.xctest */ = {isa = PBXFileReference; explicitFileType = wrapper.cfbundle; includeInIndex = 0; path = ImagePickerExperimentTests.xctest; sourceTree = BUILT_PRODUCTS_DIR; };
		0C0AC0F71D8FFB6F0051BB9A /* ImagePickerExperimentTests.swift */ = {isa = PBXFileReference; lastKnownFileType = sourcecode.swift; path = ImagePickerExperimentTests.swift; sourceTree = "<group>"; };
		0C0AC0F91D8FFB6F0051BB9A /* Info.plist */ = {isa = PBXFileReference; lastKnownFileType = text.plist.xml; path = Info.plist; sourceTree = "<group>"; };
		0C0AC0FE1D8FFB6F0051BB9A /* ImagePickerExperimentUITests.xctest */ = {isa = PBXFileReference; explicitFileType = wrapper.cfbundle; includeInIndex = 0; path = ImagePickerExperimentUITests.xctest; sourceTree = BUILT_PRODUCTS_DIR; };
		0C0AC1021D8FFB6F0051BB9A /* ImagePickerExperimentUITests.swift */ = {isa = PBXFileReference; lastKnownFileType = sourcecode.swift; path = ImagePickerExperimentUITests.swift; sourceTree = "<group>"; };
		0C0AC1041D8FFB6F0051BB9A /* Info.plist */ = {isa = PBXFileReference; lastKnownFileType = text.plist.xml; path = Info.plist; sourceTree = "<group>"; };
/* End PBXFileReference section */

/* Begin PBXFrameworksBuildPhase section */
		0C0AC0DC1D8FFB6E0051BB9A /* Frameworks */ = {
			isa = PBXFrameworksBuildPhase;
			buildActionMask = 2147483647;
			files = (
			);
			runOnlyForDeploymentPostprocessing = 0;
		};
		0C0AC0F01D8FFB6F0051BB9A /* Frameworks */ = {
			isa = PBXFrameworksBuildPhase;
			buildActionMask = 2147483647;
			files = (
			);
			runOnlyForDeploymentPostprocessing = 0;
		};
		0C0AC0FB1D8FFB6F0051BB9A /* Frameworks */ = {
			isa = PBXFrameworksBuildPhase;
			buildActionMask = 2147483647;
			files = (
			);
			runOnlyForDeploymentPostprocessing = 0;
		};
/* End PBXFrameworksBuildPhase section */

/* Begin PBXGroup section */
		0C0AC0D61D8FFB6E0051BB9A = {
			isa = PBXGroup;
			children = (
				0C0AC0E11D8FFB6F0051BB9A /* ImagePickerExperiment */,
				0C0AC0F61D8FFB6F0051BB9A /* ImagePickerExperimentTests */,
				0C0AC1011D8FFB6F0051BB9A /* ImagePickerExperimentUITests */,
				0C0AC0E01D8FFB6F0051BB9A /* Products */,
			);
			sourceTree = "<group>";
		};
		0C0AC0E01D8FFB6F0051BB9A /* Products */ = {
			isa = PBXGroup;
			children = (
				0C0AC0DF1D8FFB6F0051BB9A /* ImagePickerExperiment.app */,
				0C0AC0F31D8FFB6F0051BB9A /* ImagePickerExperimentTests.xctest */,
				0C0AC0FE1D8FFB6F0051BB9A /* ImagePickerExperimentUITests.xctest */,
			);
			name = Products;
			sourceTree = "<group>";
		};
		0C0AC0E11D8FFB6F0051BB9A /* ImagePickerExperiment */ = {
			isa = PBXGroup;
			children = (
				0C0AC0E21D8FFB6F0051BB9A /* AppDelegate.swift */,
				0C0AC0E41D8FFB6F0051BB9A /* ViewController.swift */,
				0C0AC0E61D8FFB6F0051BB9A /* Main.storyboard */,
				0C0AC0E91D8FFB6F0051BB9A /* Assets.xcassets */,
				0C0AC0EB1D8FFB6F0051BB9A /* LaunchScreen.storyboard */,
				0C0AC0EE1D8FFB6F0051BB9A /* Info.plist */,
			);
			path = ImagePickerExperiment;
			sourceTree = "<group>";
		};
		0C0AC0F61D8FFB6F0051BB9A /* ImagePickerExperimentTests */ = {
			isa = PBXGroup;
			children = (
				0C0AC0F71D8FFB6F0051BB9A /* ImagePickerExperimentTests.swift */,
				0C0AC0F91D8FFB6F0051BB9A /* Info.plist */,
			);
			path = ImagePickerExperimentTests;
			sourceTree = "<group>";
		};
		0C0AC1011D8FFB6F0051BB9A /* ImagePickerExperimentUITests */ = {
			isa = PBXGroup;
			children = (
				0C0AC1021D8FFB6F0051BB9A /* ImagePickerExperimentUITests.swift */,
				0C0AC1041D8FFB6F0051BB9A /* Info.plist */,
			);
			path = ImagePickerExperimentUITests;
			sourceTree = "<group>";
		};
/* End PBXGroup section */

/* Begin PBXNativeTarget section */
		0C0AC0DE1D8FFB6E0051BB9A /* ImagePickerExperiment */ = {
			isa = PBXNativeTarget;
			buildConfigurationList = 0C0AC1071D8FFB6F0051BB9A /* Build configuration list for PBXNativeTarget "ImagePickerExperiment" */;
			buildPhases = (
				0C0AC0DB1D8FFB6E0051BB9A /* Sources */,
				0C0AC0DC1D8FFB6E0051BB9A /* Frameworks */,
				0C0AC0DD1D8FFB6E0051BB9A /* Resources */,
			);
			buildRules = (
			);
			dependencies = (
			);
			name = ImagePickerExperiment;
			productName = ImagePickerExperiment;
			productReference = 0C0AC0DF1D8FFB6F0051BB9A /* ImagePickerExperiment.app */;
			productType = "com.apple.product-type.application";
		};
		0C0AC0F21D8FFB6F0051BB9A /* ImagePickerExperimentTests */ = {
			isa = PBXNativeTarget;
			buildConfigurationList = 0C0AC10A1D8FFB6F0051BB9A /* Build configuration list for PBXNativeTarget "ImagePickerExperimentTests" */;
			buildPhases = (
				0C0AC0EF1D8FFB6F0051BB9A /* Sources */,
				0C0AC0F01D8FFB6F0051BB9A /* Frameworks */,
				0C0AC0F11D8FFB6F0051BB9A /* Resources */,
			);
			buildRules = (
			);
			dependencies = (
				0C0AC0F51D8FFB6F0051BB9A /* PBXTargetDependency */,
			);
			name = ImagePickerExperimentTests;
			productName = ImagePickerExperimentTests;
			productReference = 0C0AC0F31D8FFB6F0051BB9A /* ImagePickerExperimentTests.xctest */;
			productType = "com.apple.product-type.bundle.unit-test";
		};
		0C0AC0FD1D8FFB6F0051BB9A /* ImagePickerExperimentUITests */ = {
			isa = PBXNativeTarget;
			buildConfigurationList = 0C0AC10D1D8FFB6F0051BB9A /* Build configuration list for PBXNativeTarget "ImagePickerExperimentUITests" */;
			buildPhases = (
				0C0AC0FA1D8FFB6F0051BB9A /* Sources */,
				0C0AC0FB1D8FFB6F0051BB9A /* Frameworks */,
				0C0AC0FC1D8FFB6F0051BB9A /* Resources */,
			);
			buildRules = (
			);
			dependencies = (
				0C0AC1001D8FFB6F0051BB9A /* PBXTargetDependency */,
			);
			name = ImagePickerExperimentUITests;
			productName = ImagePickerExperimentUITests;
			productReference = 0C0AC0FE1D8FFB6F0051BB9A /* ImagePickerExperimentUITests.xctest */;
			productType = "com.apple.product-type.bundle.ui-testing";
		};
/* End PBXNativeTarget section */

/* Begin PBXProject section */
		0C0AC0D71D8FFB6E0051BB9A /* Project object */ = {
			isa = PBXProject;
			attributes = {
				LastSwiftUpdateCheck = 0800;
				LastUpgradeCheck = 0800;
				ORGANIZATIONNAME = urbanshed;
				TargetAttributes = {
					0C0AC0DE1D8FFB6E0051BB9A = {
						CreatedOnToolsVersion = 8.0;
						ProvisioningStyle = Automatic;
					};
					0C0AC0F21D8FFB6F0051BB9A = {
						CreatedOnToolsVersion = 8.0;
						ProvisioningStyle = Automatic;
						TestTargetID = 0C0AC0DE1D8FFB6E0051BB9A;
					};
					0C0AC0FD1D8FFB6F0051BB9A = {
						CreatedOnToolsVersion = 8.0;
						ProvisioningStyle = Automatic;
						TestTargetID = 0C0AC0DE1D8FFB6E0051BB9A;
					};
				};
			};
			buildConfigurationList = 0C0AC0DA1D8FFB6E0051BB9A /* Build configuration list for PBXProject "ImagePickerExperiment" */;
			compatibilityVersion = "Xcode 3.2";
			developmentRegion = English;
			hasScannedForEncodings = 0;
			knownRegions = (
				en,
				Base,
			);
			mainGroup = 0C0AC0D61D8FFB6E0051BB9A;
			productRefGroup = 0C0AC0E01D8FFB6F0051BB9A /* Products */;
			projectDirPath = "";
			projectRoot = "";
			targets = (
				0C0AC0DE1D8FFB6E0051BB9A /* ImagePickerExperiment */,
				0C0AC0F21D8FFB6F0051BB9A /* ImagePickerExperimentTests */,
				0C0AC0FD1D8FFB6F0051BB9A /* ImagePickerExperimentUITests */,
			);
		};
/* End PBXProject section */

/* Begin PBXResourcesBuildPhase section */
		0C0AC0DD1D8FFB6E0051BB9A /* Resources */ = {
			isa = PBXResourcesBuildPhase;
			buildActionMask = 2147483647;
			files = (
				0C0AC0ED1D8FFB6F0051BB9A /* LaunchScreen.storyboard in Resources */,
				0C0AC0EA1D8FFB6F0051BB9A /* Assets.xcassets in Resources */,
				0C0AC0E81D8FFB6F0051BB9A /* Main.storyboard in Resources */,
			);
			runOnlyForDeploymentPostprocessing = 0;
		};
		0C0AC0F11D8FFB6F0051BB9A /* Resources */ = {
			isa = PBXResourcesBuildPhase;
			buildActionMask = 2147483647;
			files = (
			);
			runOnlyForDeploymentPostprocessing = 0;
		};
		0C0AC0FC1D8FFB6F0051BB9A /* Resources */ = {
			isa = PBXResourcesBuildPhase;
			buildActionMask = 2147483647;
			files = (
			);
			runOnlyForDeploymentPostprocessing = 0;
		};
/* End PBXResourcesBuildPhase section */

/* Begin PBXSourcesBuildPhase section */
		0C0AC0DB1D8FFB6E0051BB9A /* Sources */ = {
			isa = PBXSourcesBuildPhase;
			buildActionMask = 2147483647;
			files = (
				0C0AC0E51D8FFB6F0051BB9A /* ViewController.swift in Sources */,
				0C0AC0E31D8FFB6F0051BB9A /* AppDelegate.swift in Sources */,
			);
			runOnlyForDeploymentPostprocessing = 0;
		};
		0C0AC0EF1D8FFB6F0051BB9A /* Sources */ = {
			isa = PBXSourcesBuildPhase;
			buildActionMask = 2147483647;
			files = (
				0C0AC0F81D8FFB6F0051BB9A /* ImagePickerExperimentTests.swift in Sources */,
			);
			runOnlyForDeploymentPostprocessing = 0;
		};
		0C0AC0FA1D8FFB6F0051BB9A /* Sources */ = {
			isa = PBXSourcesBuildPhase;
			buildActionMask = 2147483647;
			files = (
				0C0AC1031D8FFB6F0051BB9A /* ImagePickerExperimentUITests.swift in Sources */,
			);
			runOnlyForDeploymentPostprocessing = 0;
		};
/* End PBXSourcesBuildPhase section */

/* Begin PBXTargetDependency section */
		0C0AC0F51D8FFB6F0051BB9A /* PBXTargetDependency */ = {
			isa = PBXTargetDependency;
			target = 0C0AC0DE1D8FFB6E0051BB9A /* ImagePickerExperiment */;
			targetProxy = 0C0AC0F41D8FFB6F0051BB9A /* PBXContainerItemProxy */;
		};
		0C0AC1001D8FFB6F0051BB9A /* PBXTargetDependency */ = {
			isa = PBXTargetDependency;
			target = 0C0AC0DE1D8FFB6E0051BB9A /* ImagePickerExperiment */;
			targetProxy = 0C0AC0FF1D8FFB6F0051BB9A /* PBXContainerItemProxy */;
		};
/* End PBXTargetDependency section */

/* Begin PBXVariantGroup section */
		0C0AC0E61D8FFB6F0051BB9A /* Main.storyboard */ = {
			isa = PBXVariantGroup;
			children = (
				0C0AC0E71D8FFB6F0051BB9A /* Base */,
			);
			name = Main.storyboard;
			sourceTree = "<group>";
		};
		0C0AC0EB1D8FFB6F0051BB9A /* LaunchScreen.storyboard */ = {
			isa = PBXVariantGroup;
			children = (
				0C0AC0EC1D8FFB6F0051BB9A /* Base */,
			);
			name = LaunchScreen.storyboard;
			sourceTree = "<group>";
		};
/* End PBXVariantGroup section */

/* Begin XCBuildConfiguration section */
		0C0AC1051D8FFB6F0051BB9A /* Debug */ = {
			isa = XCBuildConfiguration;
			buildSettings = {
				ALWAYS_SEARCH_USER_PATHS = NO;
				CLANG_ANALYZER_NONNULL = YES;
				CLANG_CXX_LANGUAGE_STANDARD = "gnu++0x";
				CLANG_CXX_LIBRARY = "libc++";
				CLANG_ENABLE_MODULES = YES;
				CLANG_ENABLE_OBJC_ARC = YES;
				CLANG_WARN_BOOL_CONVERSION = YES;
				CLANG_WARN_CONSTANT_CONVERSION = YES;
				CLANG_WARN_DIRECT_OBJC_ISA_USAGE = YES_ERROR;
				CLANG_WARN_DOCUMENTATION_COMMENTS = YES;
				CLANG_WARN_EMPTY_BODY = YES;
				CLANG_WARN_ENUM_CONVERSION = YES;
				CLANG_WARN_INFINITE_RECURSION = YES;
				CLANG_WARN_INT_CONVERSION = YES;
				CLANG_WARN_OBJC_ROOT_CLASS = YES_ERROR;
				CLANG_WARN_SUSPICIOUS_MOVES = YES;
				CLANG_WARN_UNREACHABLE_CODE = YES;
				CLANG_WARN__DUPLICATE_METHOD_MATCH = YES;
				"CODE_SIGN_IDENTITY[sdk=iphoneos*]" = "iPhone Developer";
				COPY_PHASE_STRIP = NO;
				DEBUG_INFORMATION_FORMAT = dwarf;
				ENABLE_STRICT_OBJC_MSGSEND = YES;
				ENABLE_TESTABILITY = YES;
				GCC_C_LANGUAGE_STANDARD = gnu99;
				GCC_DYNAMIC_NO_PIC = NO;
				GCC_NO_COMMON_BLOCKS = YES;
				GCC_OPTIMIZATION_LEVEL = 0;
				GCC_PREPROCESSOR_DEFINITIONS = (
					"DEBUG=1",
					"$(inherited)",
				);
				GCC_WARN_64_TO_32_BIT_CONVERSION = YES;
				GCC_WARN_ABOUT_RETURN_TYPE = YES_ERROR;
				GCC_WARN_UNDECLARED_SELECTOR = YES;
				GCC_WARN_UNINITIALIZED_AUTOS = YES_AGGRESSIVE;
				GCC_WARN_UNUSED_FUNCTION = YES;
				GCC_WARN_UNUSED_VARIABLE = YES;
				IPHONEOS_DEPLOYMENT_TARGET = 10.0;
				MTL_ENABLE_DEBUG_INFO = YES;
				ONLY_ACTIVE_ARCH = YES;
				SDKROOT = iphoneos;
				SWIFT_ACTIVE_COMPILATION_CONDITIONS = DEBUG;
				SWIFT_OPTIMIZATION_LEVEL = "-Onone";
				TARGETED_DEVICE_FAMILY = "1,2";
			};
			name = Debug;
		};
		0C0AC1061D8FFB6F0051BB9A /* Release */ = {
			isa = XCBuildConfiguration;
			buildSettings = {
				ALWAYS_SEARCH_USER_PATHS = NO;
				CLANG_ANALYZER_NONNULL = YES;
				CLANG_CXX_LANGUAGE_STANDARD = "gnu++0x";
				CLANG_CXX_LIBRARY = "libc++";
				CLANG_ENABLE_MODULES = YES;
				CLANG_ENABLE_OBJC_ARC = YES;
				CLANG_WARN_BOOL_CONVERSION = YES;
				CLANG_WARN_CONSTANT_CONVERSION = YES;
				CLANG_WARN_DIRECT_OBJC_ISA_USAGE = YES_ERROR;
				CLANG_WARN_DOCUMENTATION_COMMENTS = YES;
				CLANG_WARN_EMPTY_BODY = YES;
				CLANG_WARN_ENUM_CONVERSION = YES;
				CLANG_WARN_INFINITE_RECURSION = YES;
				CLANG_WARN_INT_CONVERSION = YES;
				CLANG_WARN_OBJC_ROOT_CLASS = YES_ERROR;
				CLANG_WARN_SUSPICIOUS_MOVES = YES;
				CLANG_WARN_UNREACHABLE_CODE = YES;
				CLANG_WARN__DUPLICATE_METHOD_MATCH = YES;
				"CODE_SIGN_IDENTITY[sdk=iphoneos*]" = "iPhone Developer";
				COPY_PHASE_STRIP = NO;
				DEBUG_INFORMATION_FORMAT = "dwarf-with-dsym";
				ENABLE_NS_ASSERTIONS = NO;
				ENABLE_STRICT_OBJC_MSGSEND = YES;
				GCC_C_LANGUAGE_STANDARD = gnu99;
				GCC_NO_COMMON_BLOCKS = YES;
				GCC_WARN_64_TO_32_BIT_CONVERSION = YES;
				GCC_WARN_ABOUT_RETURN_TYPE = YES_ERROR;
				GCC_WARN_UNDECLARED_SELECTOR = YES;
				GCC_WARN_UNINITIALIZED_AUTOS = YES_AGGRESSIVE;
				GCC_WARN_UNUSED_FUNCTION = YES;
				GCC_WARN_UNUSED_VARIABLE = YES;
				IPHONEOS_DEPLOYMENT_TARGET = 10.0;
				MTL_ENABLE_DEBUG_INFO = NO;
				SDKROOT = iphoneos;
				SWIFT_OPTIMIZATION_LEVEL = "-Owholemodule";
				TARGETED_DEVICE_FAMILY = "1,2";
				VALIDATE_PRODUCT = YES;
			};
			name = Release;
		};
		0C0AC1081D8FFB6F0051BB9A /* Debug */ = {
			isa = XCBuildConfiguration;
			buildSettings = {
				ASSETCATALOG_COMPILER_APPICON_NAME = AppIcon;
				INFOPLIST_FILE = ImagePickerExperiment/Info.plist;
				LD_RUNPATH_SEARCH_PATHS = "$(inherited) @executable_path/Frameworks";
				PRODUCT_BUNDLE_IDENTIFIER = urbanshed.ImagePickerExperiment;
				PRODUCT_NAME = "$(TARGET_NAME)";
				SWIFT_VERSION = 3.0;
			};
			name = Debug;
		};
		0C0AC1091D8FFB6F0051BB9A /* Release */ = {
			isa = XCBuildConfiguration;
			buildSettings = {
				ASSETCATALOG_COMPILER_APPICON_NAME = AppIcon;
				INFOPLIST_FILE = ImagePickerExperiment/Info.plist;
				LD_RUNPATH_SEARCH_PATHS = "$(inherited) @executable_path/Frameworks";
				PRODUCT_BUNDLE_IDENTIFIER = urbanshed.ImagePickerExperiment;
				PRODUCT_NAME = "$(TARGET_NAME)";
				SWIFT_VERSION = 3.0;
			};
			name = Release;
		};
		0C0AC10B1D8FFB6F0051BB9A /* Debug */ = {
			isa = XCBuildConfiguration;
			buildSettings = {
				ALWAYS_EMBED_SWIFT_STANDARD_LIBRARIES = YES;
				BUNDLE_LOADER = "$(TEST_HOST)";
				INFOPLIST_FILE = ImagePickerExperimentTests/Info.plist;
				LD_RUNPATH_SEARCH_PATHS = "$(inherited) @executable_path/Frameworks @loader_path/Frameworks";
				PRODUCT_BUNDLE_IDENTIFIER = urbanshed.ImagePickerExperimentTests;
				PRODUCT_NAME = "$(TARGET_NAME)";
				SWIFT_VERSION = 3.0;
				TEST_HOST = "$(BUILT_PRODUCTS_DIR)/ImagePickerExperiment.app/ImagePickerExperiment";
			};
			name = Debug;
		};
		0C0AC10C1D8FFB6F0051BB9A /* Release */ = {
			isa = XCBuildConfiguration;
			buildSettings = {
				ALWAYS_EMBED_SWIFT_STANDARD_LIBRARIES = YES;
				BUNDLE_LOADER = "$(TEST_HOST)";
				INFOPLIST_FILE = ImagePickerExperimentTests/Info.plist;
				LD_RUNPATH_SEARCH_PATHS = "$(inherited) @executable_path/Frameworks @loader_path/Frameworks";
				PRODUCT_BUNDLE_IDENTIFIER = urbanshed.ImagePickerExperimentTests;
				PRODUCT_NAME = "$(TARGET_NAME)";
				SWIFT_VERSION = 3.0;
				TEST_HOST = "$(BUILT_PRODUCTS_DIR)/ImagePickerExperiment.app/ImagePickerExperiment";
			};
			name = Release;
		};
		0C0AC10E1D8FFB6F0051BB9A /* Debug */ = {
			isa = XCBuildConfiguration;
			buildSettings = {
				ALWAYS_EMBED_SWIFT_STANDARD_LIBRARIES = YES;
				INFOPLIST_FILE = ImagePickerExperimentUITests/Info.plist;
				LD_RUNPATH_SEARCH_PATHS = "$(inherited) @executable_path/Frameworks @loader_path/Frameworks";
				PRODUCT_BUNDLE_IDENTIFIER = urbanshed.ImagePickerExperimentUITests;
				PRODUCT_NAME = "$(TARGET_NAME)";
				SWIFT_VERSION = 3.0;
				TEST_TARGET_NAME = ImagePickerExperiment;
			};
			name = Debug;
		};
		0C0AC10F1D8FFB6F0051BB9A /* Release */ = {
			isa = XCBuildConfiguration;
			buildSettings = {
				ALWAYS_EMBED_SWIFT_STANDARD_LIBRARIES = YES;
				INFOPLIST_FILE = ImagePickerExperimentUITests/Info.plist;
				LD_RUNPATH_SEARCH_PATHS = "$(inherited) @executable_path/Frameworks @loader_path/Frameworks";
				PRODUCT_BUNDLE_IDENTIFIER = urbanshed.ImagePickerExperimentUITests;
				PRODUCT_NAME = "$(TARGET_NAME)";
				SWIFT_VERSION = 3.0;
				TEST_TARGET_NAME = ImagePickerExperiment;
			};
			name = Release;
		};
/* End XCBuildConfiguration section */

/* Begin XCConfigurationList section */
		0C0AC0DA1D8FFB6E0051BB9A /* Build configuration list for PBXProject "ImagePickerExperiment" */ = {
			isa = XCConfigurationList;
			buildConfigurations = (
				0C0AC1051D8FFB6F0051BB9A /* Debug */,
				0C0AC1061D8FFB6F0051BB9A /* Release */,
			);
			defaultConfigurationIsVisible = 0;
			defaultConfigurationName = Release;
		};
		0C0AC1071D8FFB6F0051BB9A /* Build configuration list for PBXNativeTarget "ImagePickerExperiment" */ = {
			isa = XCConfigurationList;
			buildConfigurations = (
				0C0AC1081D8FFB6F0051BB9A /* Debug */,
				0C0AC1091D8FFB6F0051BB9A /* Release */,
			);
			defaultConfigurationIsVisible = 0;
			defaultConfigurationName = Release;
		};
		0C0AC10A1D8FFB6F0051BB9A /* Build configuration list for PBXNativeTarget "ImagePickerExperimentTests" */ = {
			isa = XCConfigurationList;
			buildConfigurations = (
				0C0AC10B1D8FFB6F0051BB9A /* Debug */,
				0C0AC10C1D8FFB6F0051BB9A /* Release */,
			);
			defaultConfigurationIsVisible = 0;
			defaultConfigurationName = Release;
		};
		0C0AC10D1D8FFB6F0051BB9A /* Build configuration list for PBXNativeTarget "ImagePickerExperimentUITests" */ = {
			isa = XCConfigurationList;
			buildConfigurations = (
				0C0AC10E1D8FFB6F0051BB9A /* Debug */,
				0C0AC10F1D8FFB6F0051BB9A /* Release */,
			);
			defaultConfigurationIsVisible = 0;
			defaultConfigurationName = Release;
		};
/* End XCConfigurationList section */
	};
	rootObject = 0C0AC0D71D8FFB6E0051BB9A /* Project object */;
}
